{
  "name": "pambda-terminator",
  "version": "0.0.1",
  "lockfileVersion": 1,
  "dependencies": {
    "lambda-terminator": {
      "version": "0.0.1",
      "resolved": "https://registry.npmjs.org/lambda-terminator/-/lambda-terminator-0.0.1.tgz",
      "integrity": "sha512-SDoj8tWue7vYMKG2DRa0SSBj+RWvSzoTMwXm9PPLau39wQr1FlACe1CaGtPeScQAgViERC8675toLiaAC6pqug=="
    }
  }
}
